{
    "_meta": {
        "hash": {
            "sha256": "d0006c09359723e1633cca3f1910c1bfb7eec82bda048031fb4c2213c5f21c01"
        },
        "pipfile-spec": 6,
        "requires": {
            "python_version": "3"
        },
        "sources": [
            {
                "name": "pypi",
                "url": "https://pypi.org/simple",
                "verify_ssl": true
            }
        ]
    },
    "default": {
        "click": {
            "hashes": [
                "sha256:2335065e6395b9e67ca716de5f7526736bfa6ceead690adf616d925bdc622b13",
                "sha256:5b94b49521f6456670fdb30cd82a4eca9412788a93fa6dd6df72c94d5a8ff2d7"
            ],
            "index": "pypi",
            "version": "==7.0"
        },
        "schema": {
            "hashes": [
                "sha256:d994b0dc4966000037b26898df638e3e2a694cc73636cb2050e652614a350687",
                "sha256:fa1a53fe5f3b6929725a4e81688c250f46838e25d8c1885a10a590c8c01a7b74"
            ],
            "index": "pypi",
            "version": "==0.6.8"
        }
    },
    "develop": {}
}
